
Microsoft Visual Studio Solution File, Format Version 12.00
# Visual Studio Version 16
VisualStudioVersion = 16.0.29728.190
MinimumVisualStudioVersion = 10.0.40219.1
Project("{9A19103F-16F7-4668-BE54-9A1E7A4F7556}") = "Company.ObjectDictionary.Web", "Company.ObjectDictionary.Web\Company.ObjectDictionary.Web.csproj", "{E342994A-DF5D-426F-83EB-5B2513C21433}"
EndProject
Project("{9A19103F-16F7-4668-BE54-9A1E7A4F7556}") = "Company.ObjectDictionary.Service", "Company.ObjectDictionary.Service\Company.ObjectDictionary.Service.csproj", "{96DEDC96-7C64-487B-B108-2F040769899C}"
EndProject
Project("{9A19103F-16F7-4668-BE54-9A1E7A4F7556}") = "Company.ObjectDictionary.Repository", "Company.ObjectDictionary.Repository\Company.ObjectDictionary.Repository.csproj", "{A3D0C2AC-2653-452E-974C-A8D475B4DE1D}"
EndProject
Project("{9A19103F-16F7-4668-BE54-9A1E7A4F7556}") = "Company.ObjectDictionary.Repository.Interface", "Company.ObjectDictionary.Repository.Interface\Company.ObjectDictionary.Repository.Interface.csproj", "{F4F9A1A3-87BF-48D5-80F7-10C2B6E4FBE2}"
EndProject
Project("{9A19103F-16F7-4668-BE54-9A1E7A4F7556}") = "Company.ObjectDictionary.Common", "Company.ObjectDictionary.Common\Company.ObjectDictionary.Common.csproj", "{422A9458-B4CC-46F3-BFFF-CE33A16EA6E1}"
EndProject
Project("{9A19103F-16F7-4668-BE54-9A1E7A4F7556}") = "Company.ObjectDictionary.Service.Interface", "Company.ObjectDictionary.Service.Interface\Company.ObjectDictionary.Service.Interface.csproj", "{082E8004-33C6-4F4A-BAE5-79054B13ADC4}"
EndProject
Project("{9A19103F-16F7-4668-BE54-9A1E7A4F7556}") = "Company.ObjectDictionary.Database", "Company.ObjectDictionary.Database\Company.ObjectDictionary.Database.csproj", "{EEAA8A84-F8DF-4C87-BA3A-33ECA94AC4CE}"
EndProject
Project("{9A19103F-16F7-4668-BE54-9A1E7A4F7556}") = "Company.ObjectDictionary.Entity", "Company.ObjectDictionary.Entity\Company.ObjectDictionary.Entity.csproj", "{863E37B6-EAC8-4CFE-B3B3-4F27360D5843}"
EndProject
Project("{9A19103F-16F7-4668-BE54-9A1E7A4F7556}") = "Company.ObjectDictionary.ViewModel", "Company.ObjectDictionary.ViewModel\Company.ObjectDictionary.ViewModel.csproj", "{ACE4235F-5082-4775-8665-3A609825A305}"
EndProject
Project("{2150E333-8FDC-42A3-9474-1A3956D46DE8}") = "Service", "Service", "{F92DEB6B-C3F8-48B5-BB23-A27063D27A8F}"
EndProject
Project("{2150E333-8FDC-42A3-9474-1A3956D46DE8}") = "Interface", "Interface", "{084F2723-433F-4E1A-B653-94E3F488ED27}"
EndProject
Project("{2150E333-8FDC-42A3-9474-1A3956D46DE8}") = "Common", "Common", "{734902D8-D7D8-43D2-9B51-EC5AC872D290}"
EndProject
Project("{2150E333-8FDC-42A3-9474-1A3956D46DE8}") = "Repository", "Repository", "{3C48ABB3-0DFA-4E94-AA71-EE148A6A2319}"
EndProject
Global
	GlobalSection(SolutionConfigurationPlatforms) = preSolution
		Debug|Any CPU = Debug|Any CPU
		Release|Any CPU = Release|Any CPU
	EndGlobalSection
	GlobalSection(ProjectConfigurationPlatforms) = postSolution
		{E342994A-DF5D-426F-83EB-5B2513C21433}.Debug|Any CPU.ActiveCfg = Debug|Any CPU
		{E342994A-DF5D-426F-83EB-5B2513C21433}.Debug|Any CPU.Build.0 = Debug|Any CPU
		{E342994A-DF5D-426F-83EB-5B2513C21433}.Release|Any CPU.ActiveCfg = Release|Any CPU
		{E342994A-DF5D-426F-83EB-5B2513C21433}.Release|Any CPU.Build.0 = Release|Any CPU
		{96DEDC96-7C64-487B-B108-2F040769899C}.Debug|Any CPU.ActiveCfg = Debug|Any CPU
		{96DEDC96-7C64-487B-B108-2F040769899C}.Debug|Any CPU.Build.0 = Debug|Any CPU
		{96DEDC96-7C64-487B-B108-2F040769899C}.Release|Any CPU.ActiveCfg = Release|Any CPU
		{96DEDC96-7C64-487B-B108-2F040769899C}.Release|Any CPU.Build.0 = Release|Any CPU
		{A3D0C2AC-2653-452E-974C-A8D475B4DE1D}.Debug|Any CPU.ActiveCfg = Debug|Any CPU
		{A3D0C2AC-2653-452E-974C-A8D475B4DE1D}.Debug|Any CPU.Build.0 = Debug|Any CPU
		{A3D0C2AC-2653-452E-974C-A8D475B4DE1D}.Release|Any CPU.ActiveCfg = Release|Any CPU
		{A3D0C2AC-2653-452E-974C-A8D475B4DE1D}.Release|Any CPU.Build.0 = Release|Any CPU
		{F4F9A1A3-87BF-48D5-80F7-10C2B6E4FBE2}.Debug|Any CPU.ActiveCfg = Debug|Any CPU
		{F4F9A1A3-87BF-48D5-80F7-10C2B6E4FBE2}.Debug|Any CPU.Build.0 = Debug|Any CPU
		{F4F9A1A3-87BF-48D5-80F7-10C2B6E4FBE2}.Release|Any CPU.ActiveCfg = Release|Any CPU
		{F4F9A1A3-87BF-48D5-80F7-10C2B6E4FBE2}.Release|Any CPU.Build.0 = Release|Any CPU
		{422A9458-B4CC-46F3-BFFF-CE33A16EA6E1}.Debug|Any CPU.ActiveCfg = Debug|Any CPU
		{422A9458-B4CC-46F3-BFFF-CE33A16EA6E1}.Debug|Any CPU.Build.0 = Debug|Any CPU
		{422A9458-B4CC-46F3-BFFF-CE33A16EA6E1}.Release|Any CPU.ActiveCfg = Release|Any CPU
		{422A9458-B4CC-46F3-BFFF-CE33A16EA6E1}.Release|Any CPU.Build.0 = Release|Any CPU
		{082E8004-33C6-4F4A-BAE5-79054B13ADC4}.Debug|Any CPU.ActiveCfg = Debug|Any CPU
		{082E8004-33C6-4F4A-BAE5-79054B13ADC4}.Debug|Any CPU.Build.0 = Debug|Any CPU
		{082E8004-33C6-4F4A-BAE5-79054B13ADC4}.Release|Any CPU.ActiveCfg = Release|Any CPU
		{082E8004-33C6-4F4A-BAE5-79054B13ADC4}.Release|Any CPU.Build.0 = Release|Any CPU
		{EEAA8A84-F8DF-4C87-BA3A-33ECA94AC4CE}.Debug|Any CPU.ActiveCfg = Debug|Any CPU
		{EEAA8A84-F8DF-4C87-BA3A-33ECA94AC4CE}.Debug|Any CPU.Build.0 = Debug|Any CPU
		{EEAA8A84-F8DF-4C87-BA3A-33ECA94AC4CE}.Release|Any CPU.ActiveCfg = Release|Any CPU
		{EEAA8A84-F8DF-4C87-BA3A-33ECA94AC4CE}.Release|Any CPU.Build.0 = Release|Any CPU
		{863E37B6-EAC8-4CFE-B3B3-4F27360D5843}.Debug|Any CPU.ActiveCfg = Debug|Any CPU
		{863E37B6-EAC8-4CFE-B3B3-4F27360D5843}.Debug|Any CPU.Build.0 = Debug|Any CPU
		{863E37B6-EAC8-4CFE-B3B3-4F27360D5843}.Release|Any CPU.ActiveCfg = Release|Any CPU
		{863E37B6-EAC8-4CFE-B3B3-4F27360D5843}.Release|Any CPU.Build.0 = Release|Any CPU
		{ACE4235F-5082-4775-8665-3A609825A305}.Debug|Any CPU.ActiveCfg = Debug|Any CPU
		{ACE4235F-5082-4775-8665-3A609825A305}.Debug|Any CPU.Build.0 = Debug|Any CPU
		{ACE4235F-5082-4775-8665-3A609825A305}.Release|Any CPU.ActiveCfg = Release|Any CPU
		{ACE4235F-5082-4775-8665-3A609825A305}.Release|Any CPU.Build.0 = Release|Any CPU
	EndGlobalSection
	GlobalSection(SolutionProperties) = preSolution
		HideSolutionNode = FALSE
	EndGlobalSection
	GlobalSection(NestedProjects) = preSolution
		{96DEDC96-7C64-487B-B108-2F040769899C} = {F92DEB6B-C3F8-48B5-BB23-A27063D27A8F}
		{A3D0C2AC-2653-452E-974C-A8D475B4DE1D} = {3C48ABB3-0DFA-4E94-AA71-EE148A6A2319}
		{F4F9A1A3-87BF-48D5-80F7-10C2B6E4FBE2} = {084F2723-433F-4E1A-B653-94E3F488ED27}
		{422A9458-B4CC-46F3-BFFF-CE33A16EA6E1} = {734902D8-D7D8-43D2-9B51-EC5AC872D290}
		{082E8004-33C6-4F4A-BAE5-79054B13ADC4} = {084F2723-433F-4E1A-B653-94E3F488ED27}
		{EEAA8A84-F8DF-4C87-BA3A-33ECA94AC4CE} = {3C48ABB3-0DFA-4E94-AA71-EE148A6A2319}
		{863E37B6-EAC8-4CFE-B3B3-4F27360D5843} = {734902D8-D7D8-43D2-9B51-EC5AC872D290}
		{ACE4235F-5082-4775-8665-3A609825A305} = {F92DEB6B-C3F8-48B5-BB23-A27063D27A8F}
	EndGlobalSection
	GlobalSection(ExtensibilityGlobals) = postSolution
		SolutionGuid = {18E3D61C-267D-49A3-99C1-06541B20ECA8}
	EndGlobalSection
EndGlobal
